
Microsoft Visual Studio Solution File, Format Version 12.00
# Visual Studio Version 17
VisualStudioVersion = 17.0.31423.177
MinimumVisualStudioVersion = 10.0.40219.1
Project("{9A19103F-16F7-4668-BE54-9A1E7A4F7556}") = "SharedMemoryParser", "SharedMemoryParser\SharedMemoryParser.csproj", "{0D99DC4F-7A2E-4B59-B5AF-4E4C82935B2A}"
EndProject
Project("{9A19103F-16F7-4668-BE54-9A1E7A4F7556}") = "Addon_AfterburnerMonitor", "IOTLink_MSIAfterburner\Addon_AfterburnerMonitor.csproj", "{D411A29E-148A-4766-8F2F-4B03CD83FBC5}"
EndProject
Global
	GlobalSection(SolutionConfigurationPlatforms) = preSolution
		Debug|Any CPU = Debug|Any CPU
		Release|Any CPU = Release|Any CPU
	EndGlobalSection
	GlobalSection(ProjectConfigurationPlatforms) = postSolution
		{0D99DC4F-7A2E-4B59-B5AF-4E4C82935B2A}.Debug|Any CPU.ActiveCfg = Debug|Any CPU
		{0D99DC4F-7A2E-4B59-B5AF-4E4C82935B2A}.Debug|Any CPU.Build.0 = Debug|Any CPU
		{0D99DC4F-7A2E-4B59-B5AF-4E4C82935B2A}.Release|Any CPU.ActiveCfg = Release|Any CPU
		{0D99DC4F-7A2E-4B59-B5AF-4E4C82935B2A}.Release|Any CPU.Build.0 = Release|Any CPU
		{D411A29E-148A-4766-8F2F-4B03CD83FBC5}.Debug|Any CPU.ActiveCfg = Debug|Any CPU
		{D411A29E-148A-4766-8F2F-4B03CD83FBC5}.Debug|Any CPU.Build.0 = Debug|Any CPU
		{D411A29E-148A-4766-8F2F-4B03CD83FBC5}.Release|Any CPU.ActiveCfg = Release|Any CPU
		{D411A29E-148A-4766-8F2F-4B03CD83FBC5}.Release|Any CPU.Build.0 = Release|Any CPU
	EndGlobalSection
	GlobalSection(SolutionProperties) = preSolution
		HideSolutionNode = FALSE
	EndGlobalSection
	GlobalSection(ExtensibilityGlobals) = postSolution
		SolutionGuid = {6D16183F-F6C5-4265-9F1A-754F690D3373}
	EndGlobalSection
EndGlobal
